// !$*UTF8*$!
{
	archiveVersion = 1;
	classes = {
	};
	objectVersion = 56;
	objects = {

/* Begin PBXBuildFile section */
		D79B4C382A86F24900A68EFF /* AppDelegate.swift in Sources */ = {isa = PBXBuildFile; fileRef = D79B4C372A86F24900A68EFF /* AppDelegate.swift */; };
		D79B4C3A2A86F24900A68EFF /* SceneDelegate.swift in Sources */ = {isa = PBXBuildFile; fileRef = D79B4C392A86F24900A68EFF /* SceneDelegate.swift */; };
		D79B4C412A86F24B00A68EFF /* Assets.xcassets in Resources */ = {isa = PBXBuildFile; fileRef = D79B4C402A86F24B00A68EFF /* Assets.xcassets */; };
		D79B4C442A86F24B00A68EFF /* LaunchScreen.storyboard in Resources */ = {isa = PBXBuildFile; fileRef = D79B4C422A86F24B00A68EFF /* LaunchScreen.storyboard */; };
		D79B4C4E2A87062F00A68EFF /* SignInViewController.swift in Sources */ = {isa = PBXBuildFile; fileRef = D79B4C4D2A87062F00A68EFF /* SignInViewController.swift */; };
		D7D29C172AC246D900069420 /* SignInViewModel.swift in Sources */ = {isa = PBXBuildFile; fileRef = D7D29C162AC246D900069420 /* SignInViewModel.swift */; };
		D7D29C192AC24C0400069420 /* SignInState.swift in Sources */ = {isa = PBXBuildFile; fileRef = D7D29C182AC24C0400069420 /* SignInState.swift */; };
		D7D29C1D2AC2544700069420 /* SignUpViewController.swift in Sources */ = {isa = PBXBuildFile; fileRef = D7D29C1C2AC2544700069420 /* SignUpViewController.swift */; };
/* End PBXBuildFile section */

/* Begin PBXFileReference section */
		D79B4C342A86F24900A68EFF /* kingBurger.app */ = {isa = PBXFileReference; explicitFileType = wrapper.application; includeInIndex = 0; path = kingBurger.app; sourceTree = BUILT_PRODUCTS_DIR; };
		D79B4C372A86F24900A68EFF /* AppDelegate.swift */ = {isa = PBXFileReference; lastKnownFileType = sourcecode.swift; path = AppDelegate.swift; sourceTree = "<group>"; };
		D79B4C392A86F24900A68EFF /* SceneDelegate.swift */ = {isa = PBXFileReference; lastKnownFileType = sourcecode.swift; path = SceneDelegate.swift; sourceTree = "<group>"; };
		D79B4C402A86F24B00A68EFF /* Assets.xcassets */ = {isa = PBXFileReference; lastKnownFileType = folder.assetcatalog; path = Assets.xcassets; sourceTree = "<group>"; };
		D79B4C432A86F24B00A68EFF /* Base */ = {isa = PBXFileReference; lastKnownFileType = file.storyboard; name = Base; path = Base.lproj/LaunchScreen.storyboard; sourceTree = "<group>"; };
		D79B4C452A86F24B00A68EFF /* Info.plist */ = {isa = PBXFileReference; lastKnownFileType = text.plist.xml; path = Info.plist; sourceTree = "<group>"; };
		D79B4C4D2A87062F00A68EFF /* SignInViewController.swift */ = {isa = PBXFileReference; lastKnownFileType = sourcecode.swift; path = SignInViewController.swift; sourceTree = "<group>"; };
		D7D29C162AC246D900069420 /* SignInViewModel.swift */ = {isa = PBXFileReference; lastKnownFileType = sourcecode.swift; path = SignInViewModel.swift; sourceTree = "<group>"; };
		D7D29C182AC24C0400069420 /* SignInState.swift */ = {isa = PBXFileReference; lastKnownFileType = sourcecode.swift; path = SignInState.swift; sourceTree = "<group>"; };
		D7D29C1C2AC2544700069420 /* SignUpViewController.swift */ = {isa = PBXFileReference; lastKnownFileType = sourcecode.swift; path = SignUpViewController.swift; sourceTree = "<group>"; };
/* End PBXFileReference section */

/* Begin PBXFrameworksBuildPhase section */
		D79B4C312A86F24900A68EFF /* Frameworks */ = {
			isa = PBXFrameworksBuildPhase;
			buildActionMask = 2147483647;
			files = (
			);
			runOnlyForDeploymentPostprocessing = 0;
		};
/* End PBXFrameworksBuildPhase section */

/* Begin PBXGroup section */
		D79B4C2B2A86F24900A68EFF = {
			isa = PBXGroup;
			children = (
				D79B4C362A86F24900A68EFF /* kingBurger */,
				D79B4C352A86F24900A68EFF /* Products */,
			);
			sourceTree = "<group>";
		};
		D79B4C352A86F24900A68EFF /* Products */ = {
			isa = PBXGroup;
			children = (
				D79B4C342A86F24900A68EFF /* kingBurger.app */,
			);
			name = Products;
			sourceTree = "<group>";
		};
		D79B4C362A86F24900A68EFF /* kingBurger */ = {
			isa = PBXGroup;
			children = (
				D7D29C1A2AC2542800069420 /* SignUp */,
				D79B4C4B2A87060C00A68EFF /* SignIn */,
				D79B4C372A86F24900A68EFF /* AppDelegate.swift */,
				D79B4C392A86F24900A68EFF /* SceneDelegate.swift */,
				D79B4C402A86F24B00A68EFF /* Assets.xcassets */,
				D79B4C422A86F24B00A68EFF /* LaunchScreen.storyboard */,
				D79B4C452A86F24B00A68EFF /* Info.plist */,
			);
			path = kingBurger;
			sourceTree = "<group>";
		};
		D79B4C4B2A87060C00A68EFF /* SignIn */ = {
			isa = PBXGroup;
			children = (
				D7D29C152AC246AD00069420 /* ViewModel */,
				D79B4C4C2A87061600A68EFF /* View */,
			);
			path = SignIn;
			sourceTree = "<group>";
		};
		D79B4C4C2A87061600A68EFF /* View */ = {
			isa = PBXGroup;
			children = (
				D79B4C4D2A87062F00A68EFF /* SignInViewController.swift */,
			);
			path = View;
			sourceTree = "<group>";
		};
		D7D29C152AC246AD00069420 /* ViewModel */ = {
			isa = PBXGroup;
			children = (
				D7D29C162AC246D900069420 /* SignInViewModel.swift */,
				D7D29C182AC24C0400069420 /* SignInState.swift */,
			);
			path = ViewModel;
			sourceTree = "<group>";
		};
		D7D29C1A2AC2542800069420 /* SignUp */ = {
			isa = PBXGroup;
			children = (
				D7D29C1B2AC2543C00069420 /* View */,
			);
			path = SignUp;
			sourceTree = "<group>";
		};
		D7D29C1B2AC2543C00069420 /* View */ = {
			isa = PBXGroup;
			children = (
				D7D29C1C2AC2544700069420 /* SignUpViewController.swift */,
			);
			path = View;
			sourceTree = "<group>";
		};
/* End PBXGroup section */

/* Begin PBXNativeTarget section */
		D79B4C332A86F24900A68EFF /* kingBurger */ = {
			isa = PBXNativeTarget;
			buildConfigurationList = D79B4C482A86F24B00A68EFF /* Build configuration list for PBXNativeTarget "kingBurger" */;
			buildPhases = (
				D79B4C302A86F24900A68EFF /* Sources */,
				D79B4C312A86F24900A68EFF /* Frameworks */,
				D79B4C322A86F24900A68EFF /* Resources */,
			);
			buildRules = (
			);
			dependencies = (
			);
			name = kingBurger;
			productName = kingBurger;
			productReference = D79B4C342A86F24900A68EFF /* kingBurger.app */;
			productType = "com.apple.product-type.application";
		};
/* End PBXNativeTarget section */

/* Begin PBXProject section */
		D79B4C2C2A86F24900A68EFF /* Project object */ = {
			isa = PBXProject;
			attributes = {
				BuildIndependentTargetsInParallel = 1;
				LastSwiftUpdateCheck = 1430;
				LastUpgradeCheck = 1430;
				TargetAttributes = {
					D79B4C332A86F24900A68EFF = {
						CreatedOnToolsVersion = 14.3.1;
					};
				};
			};
			buildConfigurationList = D79B4C2F2A86F24900A68EFF /* Build configuration list for PBXProject "kingBurger" */;
			compatibilityVersion = "Xcode 14.0";
			developmentRegion = en;
			hasScannedForEncodings = 0;
			knownRegions = (
				en,
				Base,
			);
			mainGroup = D79B4C2B2A86F24900A68EFF;
			productRefGroup = D79B4C352A86F24900A68EFF /* Products */;
			projectDirPath = "";
			projectRoot = "";
			targets = (
				D79B4C332A86F24900A68EFF /* kingBurger */,
			);
		};
/* End PBXProject section */

/* Begin PBXResourcesBuildPhase section */
		D79B4C322A86F24900A68EFF /* Resources */ = {
			isa = PBXResourcesBuildPhase;
			buildActionMask = 2147483647;
			files = (
				D79B4C442A86F24B00A68EFF /* LaunchScreen.storyboard in Resources */,
				D79B4C412A86F24B00A68EFF /* Assets.xcassets in Resources */,
			);
			runOnlyForDeploymentPostprocessing = 0;
		};
/* End PBXResourcesBuildPhase section */

/* Begin PBXSourcesBuildPhase section */
		D79B4C302A86F24900A68EFF /* Sources */ = {
			isa = PBXSourcesBuildPhase;
			buildActionMask = 2147483647;
			files = (
				D7D29C1D2AC2544700069420 /* SignUpViewController.swift in Sources */,
				D7D29C172AC246D900069420 /* SignInViewModel.swift in Sources */,
				D79B4C4E2A87062F00A68EFF /* SignInViewController.swift in Sources */,
				D79B4C382A86F24900A68EFF /* AppDelegate.swift in Sources */,
				D79B4C3A2A86F24900A68EFF /* SceneDelegate.swift in Sources */,
				D7D29C192AC24C0400069420 /* SignInState.swift in Sources */,
			);
			runOnlyForDeploymentPostprocessing = 0;
		};
/* End PBXSourcesBuildPhase section */

/* Begin PBXVariantGroup section */
		D79B4C422A86F24B00A68EFF /* LaunchScreen.storyboard */ = {
			isa = PBXVariantGroup;
			children = (
				D79B4C432A86F24B00A68EFF /* Base */,
			);
			name = LaunchScreen.storyboard;
			sourceTree = "<group>";
		};
/* End PBXVariantGroup section */

/* Begin XCBuildConfiguration section */
		D79B4C462A86F24B00A68EFF /* Debug */ = {
			isa = XCBuildConfiguration;
			buildSettings = {
				ALWAYS_SEARCH_USER_PATHS = NO;
				CLANG_ANALYZER_NONNULL = YES;
				CLANG_ANALYZER_NUMBER_OBJECT_CONVERSION = YES_AGGRESSIVE;
				CLANG_CXX_LANGUAGE_STANDARD = "gnu++20";
				CLANG_ENABLE_MODULES = YES;
				CLANG_ENABLE_OBJC_ARC = YES;
				CLANG_ENABLE_OBJC_WEAK = YES;
				CLANG_WARN_BLOCK_CAPTURE_AUTORELEASING = YES;
				CLANG_WARN_BOOL_CONVERSION = YES;
				CLANG_WARN_COMMA = YES;
				CLANG_WARN_CONSTANT_CONVERSION = YES;
				CLANG_WARN_DEPRECATED_OBJC_IMPLEMENTATIONS = YES;
				CLANG_WARN_DIRECT_OBJC_ISA_USAGE = YES_ERROR;
				CLANG_WARN_DOCUMENTATION_COMMENTS = YES;
				CLANG_WARN_EMPTY_BODY = YES;
				CLANG_WARN_ENUM_CONVERSION = YES;
				CLANG_WARN_INFINITE_RECURSION = YES;
				CLANG_WARN_INT_CONVERSION = YES;
				CLANG_WARN_NON_LITERAL_NULL_CONVERSION = YES;
				CLANG_WARN_OBJC_IMPLICIT_RETAIN_SELF = YES;
				CLANG_WARN_OBJC_LITERAL_CONVERSION = YES;
				CLANG_WARN_OBJC_ROOT_CLASS = YES_ERROR;
				CLANG_WARN_QUOTED_INCLUDE_IN_FRAMEWORK_HEADER = YES;
				CLANG_WARN_RANGE_LOOP_ANALYSIS = YES;
				CLANG_WARN_STRICT_PROTOTYPES = YES;
				CLANG_WARN_SUSPICIOUS_MOVE = YES;
				CLANG_WARN_UNGUARDED_AVAILABILITY = YES_AGGRESSIVE;
				CLANG_WARN_UNREACHABLE_CODE = YES;
				CLANG_WARN__DUPLICATE_METHOD_MATCH = YES;
				COPY_PHASE_STRIP = NO;
				DEBUG_INFORMATION_FORMAT = dwarf;
				ENABLE_STRICT_OBJC_MSGSEND = YES;
				ENABLE_TESTABILITY = YES;
				GCC_C_LANGUAGE_STANDARD = gnu11;
				GCC_DYNAMIC_NO_PIC = NO;
				GCC_NO_COMMON_BLOCKS = YES;
				GCC_OPTIMIZATION_LEVEL = 0;
				GCC_PREPROCESSOR_DEFINITIONS = (
					"DEBUG=1",
					"$(inherited)",
				);
				GCC_WARN_64_TO_32_BIT_CONVERSION = YES;
				GCC_WARN_ABOUT_RETURN_TYPE = YES_ERROR;
				GCC_WARN_UNDECLARED_SELECTOR = YES;
				GCC_WARN_UNINITIALIZED_AUTOS = YES_AGGRESSIVE;
				GCC_WARN_UNUSED_FUNCTION = YES;
				GCC_WARN_UNUSED_VARIABLE = YES;
				IPHONEOS_DEPLOYMENT_TARGET = 16.4;
				MTL_ENABLE_DEBUG_INFO = INCLUDE_SOURCE;
				MTL_FAST_MATH = YES;
				ONLY_ACTIVE_ARCH = YES;
				SDKROOT = iphoneos;
				SWIFT_ACTIVE_COMPILATION_CONDITIONS = DEBUG;
				SWIFT_OPTIMIZATION_LEVEL = "-Onone";
			};
			name = Debug;
		};
		D79B4C472A86F24B00A68EFF /* Release */ = {
			isa = XCBuildConfiguration;
			buildSettings = {
				ALWAYS_SEARCH_USER_PATHS = NO;
				CLANG_ANALYZER_NONNULL = YES;
				CLANG_ANALYZER_NUMBER_OBJECT_CONVERSION = YES_AGGRESSIVE;
				CLANG_CXX_LANGUAGE_STANDARD = "gnu++20";
				CLANG_ENABLE_MODULES = YES;
				CLANG_ENABLE_OBJC_ARC = YES;
				CLANG_ENABLE_OBJC_WEAK = YES;
				CLANG_WARN_BLOCK_CAPTURE_AUTORELEASING = YES;
				CLANG_WARN_BOOL_CONVERSION = YES;
				CLANG_WARN_COMMA = YES;
				CLANG_WARN_CONSTANT_CONVERSION = YES;
				CLANG_WARN_DEPRECATED_OBJC_IMPLEMENTATIONS = YES;
				CLANG_WARN_DIRECT_OBJC_ISA_USAGE = YES_ERROR;
				CLANG_WARN_DOCUMENTATION_COMMENTS = YES;
				CLANG_WARN_EMPTY_BODY = YES;
				CLANG_WARN_ENUM_CONVERSION = YES;
				CLANG_WARN_INFINITE_RECURSION = YES;
				CLANG_WARN_INT_CONVERSION = YES;
				CLANG_WARN_NON_LITERAL_NULL_CONVERSION = YES;
				CLANG_WARN_OBJC_IMPLICIT_RETAIN_SELF = YES;
				CLANG_WARN_OBJC_LITERAL_CONVERSION = YES;
				CLANG_WARN_OBJC_ROOT_CLASS = YES_ERROR;
				CLANG_WARN_QUOTED_INCLUDE_IN_FRAMEWORK_HEADER = YES;
				CLANG_WARN_RANGE_LOOP_ANALYSIS = YES;
				CLANG_WARN_STRICT_PROTOTYPES = YES;
				CLANG_WARN_SUSPICIOUS_MOVE = YES;
				CLANG_WARN_UNGUARDED_AVAILABILITY = YES_AGGRESSIVE;
				CLANG_WARN_UNREACHABLE_CODE = YES;
				CLANG_WARN__DUPLICATE_METHOD_MATCH = YES;
				COPY_PHASE_STRIP = NO;
				DEBUG_INFORMATION_FORMAT = "dwarf-with-dsym";
				ENABLE_NS_ASSERTIONS = NO;
				ENABLE_STRICT_OBJC_MSGSEND = YES;
				GCC_C_LANGUAGE_STANDARD = gnu11;
				GCC_NO_COMMON_BLOCKS = YES;
				GCC_WARN_64_TO_32_BIT_CONVERSION = YES;
				GCC_WARN_ABOUT_RETURN_TYPE = YES_ERROR;
				GCC_WARN_UNDECLARED_SELECTOR = YES;
				GCC_WARN_UNINITIALIZED_AUTOS = YES_AGGRESSIVE;
				GCC_WARN_UNUSED_FUNCTION = YES;
				GCC_WARN_UNUSED_VARIABLE = YES;
				IPHONEOS_DEPLOYMENT_TARGET = 16.4;
				MTL_ENABLE_DEBUG_INFO = NO;
				MTL_FAST_MATH = YES;
				SDKROOT = iphoneos;
				SWIFT_COMPILATION_MODE = wholemodule;
				SWIFT_OPTIMIZATION_LEVEL = "-O";
				VALIDATE_PRODUCT = YES;
			};
			name = Release;
		};
		D79B4C492A86F24B00A68EFF /* Debug */ = {
			isa = XCBuildConfiguration;
			buildSettings = {
				ASSETCATALOG_COMPILER_APPICON_NAME = AppIcon;
				ASSETCATALOG_COMPILER_GLOBAL_ACCENT_COLOR_NAME = AccentColor;
				CODE_SIGN_STYLE = Automatic;
				CURRENT_PROJECT_VERSION = 1;
				DEVELOPMENT_TEAM = HCTKTG6XVJ;
				GENERATE_INFOPLIST_FILE = YES;
				INFOPLIST_FILE = kingBurger/Info.plist;
				INFOPLIST_KEY_UIApplicationSupportsIndirectInputEvents = YES;
				INFOPLIST_KEY_UILaunchStoryboardName = LaunchScreen;
				INFOPLIST_KEY_UISupportedInterfaceOrientations_iPad = "UIInterfaceOrientationPortrait UIInterfaceOrientationPortraitUpsideDown UIInterfaceOrientationLandscapeLeft UIInterfaceOrientationLandscapeRight";
				INFOPLIST_KEY_UISupportedInterfaceOrientations_iPhone = "UIInterfaceOrientationPortrait UIInterfaceOrientationLandscapeLeft UIInterfaceOrientationLandscapeRight";
				LD_RUNPATH_SEARCH_PATHS = (
					"$(inherited)",
					"@executable_path/Frameworks",
				);
				MARKETING_VERSION = 1.0;
				PRODUCT_BUNDLE_IDENTIFIER = com.devdevalor.kingBurger;
				PRODUCT_NAME = "$(TARGET_NAME)";
				SWIFT_EMIT_LOC_STRINGS = YES;
				SWIFT_VERSION = 5.0;
				TARGETED_DEVICE_FAMILY = "1,2";
			};
			name = Debug;
		};
		D79B4C4A2A86F24B00A68EFF /* Release */ = {
			isa = XCBuildConfiguration;
			buildSettings = {
				ASSETCATALOG_COMPILER_APPICON_NAME = AppIcon;
				ASSETCATALOG_COMPILER_GLOBAL_ACCENT_COLOR_NAME = AccentColor;
				CODE_SIGN_STYLE = Automatic;
				CURRENT_PROJECT_VERSION = 1;
				DEVELOPMENT_TEAM = HCTKTG6XVJ;
				GENERATE_INFOPLIST_FILE = YES;
				INFOPLIST_FILE = kingBurger/Info.plist;
				INFOPLIST_KEY_UIApplicationSupportsIndirectInputEvents = YES;
				INFOPLIST_KEY_UILaunchStoryboardName = LaunchScreen;
				INFOPLIST_KEY_UISupportedInterfaceOrientations_iPad = "UIInterfaceOrientationPortrait UIInterfaceOrientationPortraitUpsideDown UIInterfaceOrientationLandscapeLeft UIInterfaceOrientationLandscapeRight";
				INFOPLIST_KEY_UISupportedInterfaceOrientations_iPhone = "UIInterfaceOrientationPortrait UIInterfaceOrientationLandscapeLeft UIInterfaceOrientationLandscapeRight";
				LD_RUNPATH_SEARCH_PATHS = (
					"$(inherited)",
					"@executable_path/Frameworks",
				);
				MARKETING_VERSION = 1.0;
				PRODUCT_BUNDLE_IDENTIFIER = com.devdevalor.kingBurger;
				PRODUCT_NAME = "$(TARGET_NAME)";
				SWIFT_EMIT_LOC_STRINGS = YES;
				SWIFT_VERSION = 5.0;
				TARGETED_DEVICE_FAMILY = "1,2";
			};
			name = Release;
		};
/* End XCBuildConfiguration section */

/* Begin XCConfigurationList section */
		D79B4C2F2A86F24900A68EFF /* Build configuration list for PBXProject "kingBurger" */ = {
			isa = XCConfigurationList;
			buildConfigurations = (
				D79B4C462A86F24B00A68EFF /* Debug */,
				D79B4C472A86F24B00A68EFF /* Release */,
			);
			defaultConfigurationIsVisible = 0;
			defaultConfigurationName = Release;
		};
		D79B4C482A86F24B00A68EFF /* Build configuration list for PBXNativeTarget "kingBurger" */ = {
			isa = XCConfigurationList;
			buildConfigurations = (
				D79B4C492A86F24B00A68EFF /* Debug */,
				D79B4C4A2A86F24B00A68EFF /* Release */,
			);
			defaultConfigurationIsVisible = 0;
			defaultConfigurationName = Release;
		};
/* End XCConfigurationList section */
	};
	rootObject = D79B4C2C2A86F24900A68EFF /* Project object */;
}
